// !$*UTF8*$!
{
	archiveVersion = 1;
	classes = {
	};
	objectVersion = 46;
	objects = {

/* Begin PBXBuildFile section */
		00FC4A321B7359D700DCA999 /* MASExampleDistributeView.m in Sources */ = {isa = PBXBuildFile; fileRef = 00FC4A311B7359D700DCA999 /* MASExampleDistributeView.m */; };
		27A27D461A6CF0C400D34F52 /* MASExampleAspectFitView.m in Sources */ = {isa = PBXBuildFile; fileRef = 27A27D451A6CF0C400D34F52 /* MASExampleAspectFitView.m */; };
		3C02224919D0C4EC00507321 /* Images.xcassets in Resources */ = {isa = PBXBuildFile; fileRef = 3C02224819D0C4EC00507321 /* Images.xcassets */; };
		3DB1CAD5184538E200E91FC5 /* MASExampleArrayView.m in Sources */ = {isa = PBXBuildFile; fileRef = 3DB1CAD4184538E200E91FC5 /* MASExampleArrayView.m */; };
		44C0E6AF1A9B9C55003C70CF /* MASExampleMarginView.m in Sources */ = {isa = PBXBuildFile; fileRef = 44C0E6AE1A9B9C55003C70CF /* MASExampleMarginView.m */; };
		4BEB55B61957394E008C862B /* MASExampleRemakeView.m in Sources */ = {isa = PBXBuildFile; fileRef = 4BEB55B51957394E008C862B /* MASExampleRemakeView.m */; };
		6C87DADA5AB046D9A3181A65 /* libPods-Masonry iOS Examples.a in Frameworks */ = {isa = PBXBuildFile; fileRef = BDC1B8303EED42A2B01B94B1 /* libPods-Masonry iOS Examples.a */; };
		DD175E6A182639FB0099129A /* MASExampleUpdateView.m in Sources */ = {isa = PBXBuildFile; fileRef = DD175E69182639FB0099129A /* MASExampleUpdateView.m */; };
		DD32C3FD18E8BFF6001F6AD2 /* MASExampleAttributeChainingView.m in Sources */ = {isa = PBXBuildFile; fileRef = DD32C3FC18E8BFF6001F6AD2 /* MASExampleAttributeChainingView.m */; };
		DD52F22B179CAD57005CD195 /* UIKit.framework in Frameworks */ = {isa = PBXBuildFile; fileRef = DD52F22A179CAD57005CD195 /* UIKit.framework */; };
		DD52F22D179CAD57005CD195 /* Foundation.framework in Frameworks */ = {isa = PBXBuildFile; fileRef = DD52F22C179CAD57005CD195 /* Foundation.framework */; };
		DD52F22F179CAD57005CD195 /* CoreGraphics.framework in Frameworks */ = {isa = PBXBuildFile; fileRef = DD52F22E179CAD57005CD195 /* CoreGraphics.framework */; };
		DD52F235179CAD57005CD195 /* InfoPlist.strings in Resources */ = {isa = PBXBuildFile; fileRef = DD52F233179CAD57005CD195 /* InfoPlist.strings */; };
		DD52F237179CAD57005CD195 /* main.m in Sources */ = {isa = PBXBuildFile; fileRef = DD52F236179CAD57005CD195 /* main.m */; };
		DD52F23B179CAD57005CD195 /* MASAppDelegate.m in Sources */ = {isa = PBXBuildFile; fileRef = DD52F23A179CAD57005CD195 /* MASAppDelegate.m */; };
		DD52F251179CADC0005CD195 /* MASExampleBasicView.m in Sources */ = {isa = PBXBuildFile; fileRef = DD52F248179CADC0005CD195 /* MASExampleBasicView.m */; };
		DD52F252179CADC0005CD195 /* MASExampleConstantsView.m in Sources */ = {isa = PBXBuildFile; fileRef = DD52F24A179CADC0005CD195 /* MASExampleConstantsView.m */; };
		DD52F253179CADC0005CD195 /* MASExampleListViewController.m in Sources */ = {isa = PBXBuildFile; fileRef = DD52F24C179CADC0005CD195 /* MASExampleListViewController.m */; };
		DD52F254179CADC0005CD195 /* MASExampleSidesView.m in Sources */ = {isa = PBXBuildFile; fileRef = DD52F24E179CADC0005CD195 /* MASExampleSidesView.m */; };
		DD52F255179CADC0005CD195 /* MASExampleViewController.m in Sources */ = {isa = PBXBuildFile; fileRef = DD52F250179CADC0005CD195 /* MASExampleViewController.m */; };
		DD653E4A1843E61500D1EC5A /* MASExampleLayoutGuideViewController.m in Sources */ = {isa = PBXBuildFile; fileRef = DD653E491843E61500D1EC5A /* MASExampleLayoutGuideViewController.m */; };
		DD7CC17617ACE990007A469E /* MASExampleDebuggingView.m in Sources */ = {isa = PBXBuildFile; fileRef = DD7CC17517ACE990007A469E /* MASExampleDebuggingView.m */; };
		DD9B4D35183CC980002BF408 /* MASExampleScrollView.m in Sources */ = {isa = PBXBuildFile; fileRef = DD9B4D34183CC980002BF408 /* MASExampleScrollView.m */; };
		DDDF60CC181915E300BF7B8B /* MASExampleLabelView.m in Sources */ = {isa = PBXBuildFile; fileRef = DDDF60CB181915E300BF7B8B /* MASExampleLabelView.m */; };
		DDF3875C179D648D00178773 /* MASExampleAnimatedView.m in Sources */ = {isa = PBXBuildFile; fileRef = DDF3875B179D648D00178773 /* MASExampleAnimatedView.m */; };
		DFBACE591F7B76E40047F15A /* MASExampleSafeAreaLayoutGuideViewController.m in Sources */ = {isa = PBXBuildFile; fileRef = DFBACE581F7B76E40047F15A /* MASExampleSafeAreaLayoutGuideViewController.m */; };
		DFBACE5D1F7B86860047F15A /* Launch Screen.storyboard in Resources */ = {isa = PBXBuildFile; fileRef = DFBACE5C1F7B86860047F15A /* Launch Screen.storyboard */; };
/* End PBXBuildFile section */

/* Begin PBXFileReference section */
		00FC4A301B7359D700DCA999 /* MASExampleDistributeView.h */ = {isa = PBXFileReference; fileEncoding = 4; lastKnownFileType = sourcecode.c.h; path = MASExampleDistributeView.h; sourceTree = "<group>"; };
		00FC4A311B7359D700DCA999 /* MASExampleDistributeView.m */ = {isa = PBXFileReference; fileEncoding = 4; lastKnownFileType = sourcecode.c.objc; path = MASExampleDistributeView.m; sourceTree = "<group>"; };
		27A27D441A6CF0C400D34F52 /* MASExampleAspectFitView.h */ = {isa = PBXFileReference; fileEncoding = 4; lastKnownFileType = sourcecode.c.h; path = MASExampleAspectFitView.h; sourceTree = "<group>"; };
		27A27D451A6CF0C400D34F52 /* MASExampleAspectFitView.m */ = {isa = PBXFileReference; fileEncoding = 4; lastKnownFileType = sourcecode.c.objc; path = MASExampleAspectFitView.m; sourceTree = "<group>"; };
		321AA59CF7B045B6D503D2E5 /* Pods-Masonry iOS Examples.release.xcconfig */ = {isa = PBXFileReference; includeInIndex = 1; lastKnownFileType = text.xcconfig; name = "Pods-Masonry iOS Examples.release.xcconfig"; path = "../Pods/Target Support Files/Pods-Masonry iOS Examples/Pods-Masonry iOS Examples.release.xcconfig"; sourceTree = "<group>"; };
		3C02224819D0C4EC00507321 /* Images.xcassets */ = {isa = PBXFileReference; lastKnownFileType = folder.assetcatalog; path = Images.xcassets; sourceTree = "<group>"; };
		3DB1CAD3184538E200E91FC5 /* MASExampleArrayView.h */ = {isa = PBXFileReference; fileEncoding = 4; lastKnownFileType = sourcecode.c.h; path = MASExampleArrayView.h; sourceTree = "<group>"; };
		3DB1CAD4184538E200E91FC5 /* MASExampleArrayView.m */ = {isa = PBXFileReference; fileEncoding = 4; lastKnownFileType = sourcecode.c.objc; path = MASExampleArrayView.m; sourceTree = "<group>"; };
		44C0E6AD1A9B9C55003C70CF /* MASExampleMarginView.h */ = {isa = PBXFileReference; fileEncoding = 4; lastKnownFileType = sourcecode.c.h; path = MASExampleMarginView.h; sourceTree = "<group>"; };
		44C0E6AE1A9B9C55003C70CF /* MASExampleMarginView.m */ = {isa = PBXFileReference; fileEncoding = 4; lastKnownFileType = sourcecode.c.objc; path = MASExampleMarginView.m; sourceTree = "<group>"; };
		4BEB55B41957394E008C862B /* MASExampleRemakeView.h */ = {isa = PBXFileReference; fileEncoding = 4; lastKnownFileType = sourcecode.c.h; path = MASExampleRemakeView.h; sourceTree = "<group>"; };
		4BEB55B51957394E008C862B /* MASExampleRemakeView.m */ = {isa = PBXFileReference; fileEncoding = 4; lastKnownFileType = sourcecode.c.objc; path = MASExampleRemakeView.m; sourceTree = "<group>"; };
		50B25D0621957AEB87C3FCC2 /* Pods-Masonry iOS Examples.debug.xcconfig */ = {isa = PBXFileReference; includeInIndex = 1; lastKnownFileType = text.xcconfig; name = "Pods-Masonry iOS Examples.debug.xcconfig"; path = "../Pods/Target Support Files/Pods-Masonry iOS Examples/Pods-Masonry iOS Examples.debug.xcconfig"; sourceTree = "<group>"; };
		BDC1B8303EED42A2B01B94B1 /* libPods-Masonry iOS Examples.a */ = {isa = PBXFileReference; explicitFileType = archive.ar; includeInIndex = 0; path = "libPods-Masonry iOS Examples.a"; sourceTree = BUILT_PRODUCTS_DIR; };
		DD175E68182639FB0099129A /* MASExampleUpdateView.h */ = {isa = PBXFileReference; fileEncoding = 4; lastKnownFileType = sourcecode.c.h; path = MASExampleUpdateView.h; sourceTree = "<group>"; };
		DD175E69182639FB0099129A /* MASExampleUpdateView.m */ = {isa = PBXFileReference; fileEncoding = 4; lastKnownFileType = sourcecode.c.objc; path = MASExampleUpdateView.m; sourceTree = "<group>"; };
		DD32C3FB18E8BFF6001F6AD2 /* MASExampleAttributeChainingView.h */ = {isa = PBXFileReference; fileEncoding = 4; lastKnownFileType = sourcecode.c.h; path = MASExampleAttributeChainingView.h; sourceTree = "<group>"; };
		DD32C3FC18E8BFF6001F6AD2 /* MASExampleAttributeChainingView.m */ = {isa = PBXFileReference; fileEncoding = 4; lastKnownFileType = sourcecode.c.objc; path = MASExampleAttributeChainingView.m; sourceTree = "<group>"; };
		DD52F227179CAD57005CD195 /* Masonry iOS Examples.app */ = {isa = PBXFileReference; explicitFileType = wrapper.application; includeInIndex = 0; path = "Masonry iOS Examples.app"; sourceTree = BUILT_PRODUCTS_DIR; };
		DD52F22A179CAD57005CD195 /* UIKit.framework */ = {isa = PBXFileReference; lastKnownFileType = wrapper.framework; name = UIKit.framework; path = System/Library/Frameworks/UIKit.framework; sourceTree = SDKROOT; };
		DD52F22C179CAD57005CD195 /* Foundation.framework */ = {isa = PBXFileReference; lastKnownFileType = wrapper.framework; name = Foundation.framework; path = System/Library/Frameworks/Foundation.framework; sourceTree = SDKROOT; };
		DD52F22E179CAD57005CD195 /* CoreGraphics.framework */ = {isa = PBXFileReference; lastKnownFileType = wrapper.framework; name = CoreGraphics.framework; path = System/Library/Frameworks/CoreGraphics.framework; sourceTree = SDKROOT; };
		DD52F232179CAD57005CD195 /* Masonry iOS Examples-Info.plist */ = {isa = PBXFileReference; lastKnownFileType = text.plist.xml; path = "Masonry iOS Examples-Info.plist"; sourceTree = "<group>"; };
		DD52F234179CAD57005CD195 /* en */ = {isa = PBXFileReference; lastKnownFileType = text.plist.strings; name = en; path = en.lproj/InfoPlist.strings; sourceTree = "<group>"; };
		DD52F236179CAD57005CD195 /* main.m */ = {isa = PBXFileReference; lastKnownFileType = sourcecode.c.objc; path = main.m; sourceTree = "<group>"; };
		DD52F238179CAD57005CD195 /* Masonry iOS Examples-Prefix.pch */ = {isa = PBXFileReference; lastKnownFileType = sourcecode.c.h; path = "Masonry iOS Examples-Prefix.pch"; sourceTree = "<group>"; };
		DD52F239179CAD57005CD195 /* MASAppDelegate.h */ = {isa = PBXFileReference; lastKnownFileType = sourcecode.c.h; path = MASAppDelegate.h; sourceTree = "<group>"; };
		DD52F23A179CAD57005CD195 /* MASAppDelegate.m */ = {isa = PBXFileReference; lastKnownFileType = sourcecode.c.objc; path = MASAppDelegate.m; sourceTree = "<group>"; };
		DD52F247179CADC0005CD195 /* MASExampleBasicView.h */ = {isa = PBXFileReference; fileEncoding = 4; lastKnownFileType = sourcecode.c.h; path = MASExampleBasicView.h; sourceTree = "<group>"; };
		DD52F248179CADC0005CD195 /* MASExampleBasicView.m */ = {isa = PBXFileReference; fileEncoding = 4; lastKnownFileType = sourcecode.c.objc; path = MASExampleBasicView.m; sourceTree = "<group>"; };
		DD52F249179CADC0005CD195 /* MASExampleConstantsView.h */ = {isa = PBXFileReference; fileEncoding = 4; lastKnownFileType = sourcecode.c.h; path = MASExampleConstantsView.h; sourceTree = "<group>"; };
		DD52F24A179CADC0005CD195 /* MASExampleConstantsView.m */ = {isa = PBXFileReference; fileEncoding = 4; lastKnownFileType = sourcecode.c.objc; path = MASExampleConstantsView.m; sourceTree = "<group>"; };
		DD52F24B179CADC0005CD195 /* MASExampleListViewController.h */ = {isa = PBXFileReference; fileEncoding = 4; lastKnownFileType = sourcecode.c.h; path = MASExampleListViewController.h; sourceTree = "<group>"; };
		DD52F24C179CADC0005CD195 /* MASExampleListViewController.m */ = {isa = PBXFileReference; fileEncoding = 4; lastKnownFileType = sourcecode.c.objc; path = MASExampleListViewController.m; sourceTree = "<group>"; };
		DD52F24D179CADC0005CD195 /* MASExampleSidesView.h */ = {isa = PBXFileReference; fileEncoding = 4; lastKnownFileType = sourcecode.c.h; path = MASExampleSidesView.h; sourceTree = "<group>"; };
		DD52F24E179CADC0005CD195 /* MASExampleSidesView.m */ = {isa = PBXFileReference; fileEncoding = 4; lastKnownFileType = sourcecode.c.objc; path = MASExampleSidesView.m; sourceTree = "<group>"; };
		DD52F24F179CADC0005CD195 /* MASExampleViewController.h */ = {isa = PBXFileReference; fileEncoding = 4; lastKnownFileType = sourcecode.c.h; path = MASExampleViewController.h; sourceTree = "<group>"; };
		DD52F250179CADC0005CD195 /* MASExampleViewController.m */ = {isa = PBXFileReference; fileEncoding = 4; lastKnownFileType = sourcecode.c.objc; path = MASExampleViewController.m; sourceTree = "<group>"; };
		DD653E481843E61500D1EC5A /* MASExampleLayoutGuideViewController.h */ = {isa = PBXFileReference; fileEncoding = 4; lastKnownFileType = sourcecode.c.h; path = MASExampleLayoutGuideViewController.h; sourceTree = "<group>"; };
		DD653E491843E61500D1EC5A /* MASExampleLayoutGuideViewController.m */ = {isa = PBXFileReference; fileEncoding = 4; lastKnownFileType = sourcecode.c.objc; path = MASExampleLayoutGuideViewController.m; sourceTree = "<group>"; };
		DD7CC17417ACE990007A469E /* MASExampleDebuggingView.h */ = {isa = PBXFileReference; fileEncoding = 4; lastKnownFileType = sourcecode.c.h; path = MASExampleDebuggingView.h; sourceTree = "<group>"; };
		DD7CC17517ACE990007A469E /* MASExampleDebuggingView.m */ = {isa = PBXFileReference; fileEncoding = 4; lastKnownFileType = sourcecode.c.objc; path = MASExampleDebuggingView.m; sourceTree = "<group>"; };
		DD9B4D33183CC980002BF408 /* MASExampleScrollView.h */ = {isa = PBXFileReference; fileEncoding = 4; lastKnownFileType = sourcecode.c.h; path = MASExampleScrollView.h; sourceTree = "<group>"; };
		DD9B4D34183CC980002BF408 /* MASExampleScrollView.m */ = {isa = PBXFileReference; fileEncoding = 4; lastKnownFileType = sourcecode.c.objc; path = MASExampleScrollView.m; sourceTree = "<group>"; };
		DDDF60CA181915E300BF7B8B /* MASExampleLabelView.h */ = {isa = PBXFileReference; fileEncoding = 4; lastKnownFileType = sourcecode.c.h; path = MASExampleLabelView.h; sourceTree = "<group>"; };
		DDDF60CB181915E300BF7B8B /* MASExampleLabelView.m */ = {isa = PBXFileReference; fileEncoding = 4; lastKnownFileType = sourcecode.c.objc; path = MASExampleLabelView.m; sourceTree = "<group>"; };
		DDF3875A179D648D00178773 /* MASExampleAnimatedView.h */ = {isa = PBXFileReference; fileEncoding = 4; lastKnownFileType = sourcecode.c.h; path = MASExampleAnimatedView.h; sourceTree = "<group>"; };
		DDF3875B179D648D00178773 /* MASExampleAnimatedView.m */ = {isa = PBXFileReference; fileEncoding = 4; lastKnownFileType = sourcecode.c.objc; path = MASExampleAnimatedView.m; sourceTree = "<group>"; };
		DFBACE571F7B76E30047F15A /* MASExampleSafeAreaLayoutGuideViewController.h */ = {isa = PBXFileReference; lastKnownFileType = sourcecode.c.h; path = MASExampleSafeAreaLayoutGuideViewController.h; sourceTree = "<group>"; };
		DFBACE581F7B76E40047F15A /* MASExampleSafeAreaLayoutGuideViewController.m */ = {isa = PBXFileReference; lastKnownFileType = sourcecode.c.objc; path = MASExampleSafeAreaLayoutGuideViewController.m; sourceTree = "<group>"; };
		DFBACE5C1F7B86860047F15A /* Launch Screen.storyboard */ = {isa = PBXFileReference; lastKnownFileType = file.storyboard; path = "Launch Screen.storyboard"; sourceTree = "<group>"; };
/* End PBXFileReference section */

/* Begin PBXFrameworksBuildPhase section */
		DD52F224179CAD57005CD195 /* Frameworks */ = {
			isa = PBXFrameworksBuildPhase;
			buildActionMask = 2147483647;
			files = (
				DD52F22B179CAD57005CD195 /* UIKit.framework in Frameworks */,
				DD52F22D179CAD57005CD195 /* Foundation.framework in Frameworks */,
				DD52F22F179CAD57005CD195 /* CoreGraphics.framework in Frameworks */,
				6C87DADA5AB046D9A3181A65 /* libPods-Masonry iOS Examples.a in Frameworks */,
			);
			runOnlyForDeploymentPostprocessing = 0;
		};
/* End PBXFrameworksBuildPhase section */

/* Begin PBXGroup section */
		DD52F21E179CAD57005CD195 = {
			isa = PBXGroup;
			children = (
				DD52F230179CAD57005CD195 /* Masonry iOS Examples */,
				DD52F229179CAD57005CD195 /* Frameworks */,
				DD52F228179CAD57005CD195 /* Products */,
				DF14AF6879B23556F891E1F7 /* Pods */,
			);
			sourceTree = "<group>";
		};
		DD52F228179CAD57005CD195 /* Products */ = {
			isa = PBXGroup;
			children = (
				DD52F227179CAD57005CD195 /* Masonry iOS Examples.app */,
			);
			name = Products;
			sourceTree = "<group>";
		};
		DD52F229179CAD57005CD195 /* Frameworks */ = {
			isa = PBXGroup;
			children = (
				DD52F22A179CAD57005CD195 /* UIKit.framework */,
				DD52F22C179CAD57005CD195 /* Foundation.framework */,
				DD52F22E179CAD57005CD195 /* CoreGraphics.framework */,
				BDC1B8303EED42A2B01B94B1 /* libPods-Masonry iOS Examples.a */,
			);
			name = Frameworks;
			sourceTree = "<group>";
		};
		DD52F230179CAD57005CD195 /* Masonry iOS Examples */ = {
			isa = PBXGroup;
			children = (
				DD52F239179CAD57005CD195 /* MASAppDelegate.h */,
				DD52F23A179CAD57005CD195 /* MASAppDelegate.m */,
				DD52F257179CADCB005CD195 /* Controllers */,
				DD52F256179CADC4005CD195 /* Views */,
				3C02224819D0C4EC00507321 /* Images.xcassets */,
				DD52F231179CAD57005CD195 /* Supporting Files */,
				DFBACE5C1F7B86860047F15A /* Launch Screen.storyboard */,
			);
			path = "Masonry iOS Examples";
			sourceTree = "<group>";
		};
		DD52F231179CAD57005CD195 /* Supporting Files */ = {
			isa = PBXGroup;
			children = (
				DD52F232179CAD57005CD195 /* Masonry iOS Examples-Info.plist */,
				DD52F233179CAD57005CD195 /* InfoPlist.strings */,
				DD52F236179CAD57005CD195 /* main.m */,
				DD52F238179CAD57005CD195 /* Masonry iOS Examples-Prefix.pch */,
			);
			name = "Supporting Files";
			sourceTree = "<group>";
		};
		DD52F256179CADC4005CD195 /* Views */ = {
			isa = PBXGroup;
			children = (
				DD52F247179CADC0005CD195 /* MASExampleBasicView.h */,
				DD52F248179CADC0005CD195 /* MASExampleBasicView.m */,
				DD52F249179CADC0005CD195 /* MASExampleConstantsView.h */,
				DD52F24A179CADC0005CD195 /* MASExampleConstantsView.m */,
				DD52F24D179CADC0005CD195 /* MASExampleSidesView.h */,
				DD52F24E179CADC0005CD195 /* MASExampleSidesView.m */,
				27A27D441A6CF0C400D34F52 /* MASExampleAspectFitView.h */,
				27A27D451A6CF0C400D34F52 /* MASExampleAspectFitView.m */,
				DDF3875A179D648D00178773 /* MASExampleAnimatedView.h */,
				DDF3875B179D648D00178773 /* MASExampleAnimatedView.m */,
				DD7CC17417ACE990007A469E /* MASExampleDebuggingView.h */,
				DD7CC17517ACE990007A469E /* MASExampleDebuggingView.m */,
				DDDF60CA181915E300BF7B8B /* MASExampleLabelView.h */,
				DDDF60CB181915E300BF7B8B /* MASExampleLabelView.m */,
				DD175E68182639FB0099129A /* MASExampleUpdateView.h */,
				DD175E69182639FB0099129A /* MASExampleUpdateView.m */,
				4BEB55B41957394E008C862B /* MASExampleRemakeView.h */,
				4BEB55B51957394E008C862B /* MASExampleRemakeView.m */,
				DD9B4D33183CC980002BF408 /* MASExampleScrollView.h */,
				DD9B4D34183CC980002BF408 /* MASExampleScrollView.m */,
				3DB1CAD3184538E200E91FC5 /* MASExampleArrayView.h */,
				3DB1CAD4184538E200E91FC5 /* MASExampleArrayView.m */,
				DD32C3FB18E8BFF6001F6AD2 /* MASExampleAttributeChainingView.h */,
				DD32C3FC18E8BFF6001F6AD2 /* MASExampleAttributeChainingView.m */,
				44C0E6AD1A9B9C55003C70CF /* MASExampleMarginView.h */,
				44C0E6AE1A9B9C55003C70CF /* MASExampleMarginView.m */,
				00FC4A301B7359D700DCA999 /* MASExampleDistributeView.h */,
				00FC4A311B7359D700DCA999 /* MASExampleDistributeView.m */,
			);
			name = Views;
			sourceTree = "<group>";
		};
		DD52F257179CADCB005CD195 /* Controllers */ = {
			isa = PBXGroup;
			children = (
				DD52F24B179CADC0005CD195 /* MASExampleListViewController.h */,
				DD52F24C179CADC0005CD195 /* MASExampleListViewController.m */,
				DD52F24F179CADC0005CD195 /* MASExampleViewController.h */,
				DD52F250179CADC0005CD195 /* MASExampleViewController.m */,
				DD653E481843E61500D1EC5A /* MASExampleLayoutGuideViewController.h */,
				DD653E491843E61500D1EC5A /* MASExampleLayoutGuideViewController.m */,
				DFBACE571F7B76E30047F15A /* MASExampleSafeAreaLayoutGuideViewController.h */,
				DFBACE581F7B76E40047F15A /* MASExampleSafeAreaLayoutGuideViewController.m */,
			);
			name = Controllers;
			sourceTree = "<group>";
		};
		DF14AF6879B23556F891E1F7 /* Pods */ = {
			isa = PBXGroup;
			children = (
				50B25D0621957AEB87C3FCC2 /* Pods-Masonry iOS Examples.debug.xcconfig */,
				321AA59CF7B045B6D503D2E5 /* Pods-Masonry iOS Examples.release.xcconfig */,
			);
			name = Pods;
			sourceTree = "<group>";
		};
/* End PBXGroup section */

/* Begin PBXNativeTarget section */
		DD52F226179CAD57005CD195 /* Masonry iOS Examples */ = {
			isa = PBXNativeTarget;
			buildConfigurationList = DD52F244179CAD57005CD195 /* Build configuration list for PBXNativeTarget "Masonry iOS Examples" */;
			buildPhases = (
				621F6A1FCAEF44F880874959 /* [CP] Check Pods Manifest.lock */,
				DD52F223179CAD57005CD195 /* Sources */,
				DD52F224179CAD57005CD195 /* Frameworks */,
				DD52F225179CAD57005CD195 /* Resources */,
				5C6517785DFF4287BCDF458D /* [CP] Copy Pods Resources */,
				9A6DE33A61510E8F9549C5EE /* [CP] Embed Pods Frameworks */,
			);
			buildRules = (
			);
			dependencies = (
			);
			name = "Masonry iOS Examples";
			productName = "Masonry iOS Examples";
			productReference = DD52F227179CAD57005CD195 /* Masonry iOS Examples.app */;
			productType = "com.apple.product-type.application";
		};
/* End PBXNativeTarget section */

/* Begin PBXProject section */
		DD52F21F179CAD57005CD195 /* Project object */ = {
			isa = PBXProject;
			attributes = {
				CLASSPREFIX = MAS;
				LastUpgradeCheck = 0900;
				ORGANIZATIONNAME = "Jonas Budelmann";
			};
			buildConfigurationList = DD52F222179CAD57005CD195 /* Build configuration list for PBXProject "Masonry iOS Examples" */;
			compatibilityVersion = "Xcode 3.2";
			developmentRegion = English;
			hasScannedForEncodings = 0;
			knownRegions = (
				en,
			);
			mainGroup = DD52F21E179CAD57005CD195;
			productRefGroup = DD52F228179CAD57005CD195 /* Products */;
			projectDirPath = "";
			projectRoot = "";
			targets = (
				DD52F226179CAD57005CD195 /* Masonry iOS Examples */,
			);
		};
/* End PBXProject section */

/* Begin PBXResourcesBuildPhase section */
		DD52F225179CAD57005CD195 /* Resources */ = {
			isa = PBXResourcesBuildPhase;
			buildActionMask = 2147483647;
			files = (
				DFBACE5D1F7B86860047F15A /* Launch Screen.storyboard in Resources */,
				3C02224919D0C4EC00507321 /* Images.xcassets in Resources */,
				DD52F235179CAD57005CD195 /* InfoPlist.strings in Resources */,
			);
			runOnlyForDeploymentPostprocessing = 0;
		};
/* End PBXResourcesBuildPhase section */

/* Begin PBXShellScriptBuildPhase section */
		5C6517785DFF4287BCDF458D /* [CP] Copy Pods Resources */ = {
			isa = PBXShellScriptBuildPhase;
			buildActionMask = 2147483647;
			files = (
			);
			inputPaths = (
			);
			name = "[CP] Copy Pods Resources";
			outputPaths = (
			);
			runOnlyForDeploymentPostprocessing = 0;
			shellPath = /bin/sh;
			shellScript = "\"${SRCROOT}/../Pods/Target Support Files/Pods-Masonry iOS Examples/Pods-Masonry iOS Examples-resources.sh\"\n";
			showEnvVarsInLog = 0;
		};
		621F6A1FCAEF44F880874959 /* [CP] Check Pods Manifest.lock */ = {
			isa = PBXShellScriptBuildPhase;
			buildActionMask = 2147483647;
			files = (
			);
			inputPaths = (
				"${PODS_PODFILE_DIR_PATH}/Podfile.lock",
				"${PODS_ROOT}/Manifest.lock",
			);
			name = "[CP] Check Pods Manifest.lock";
			outputPaths = (
				"$(DERIVED_FILE_DIR)/Pods-Masonry iOS Examples-checkManifestLockResult.txt",
			);
			runOnlyForDeploymentPostprocessing = 0;
			shellPath = /bin/sh;
			shellScript = "diff \"${PODS_PODFILE_DIR_PATH}/Podfile.lock\" \"${PODS_ROOT}/Manifest.lock\" > /dev/null\nif [ $? != 0 ] ; then\n    # print error to STDERR\n    echo \"error: The sandbox is not in sync with the Podfile.lock. Run 'pod install' or update your CocoaPods installation.\" >&2\n    exit 1\nfi\n# This output is used by Xcode 'outputs' to avoid re-running this script phase.\necho \"SUCCESS\" > \"${SCRIPT_OUTPUT_FILE_0}\"\n";
			showEnvVarsInLog = 0;
		};
		9A6DE33A61510E8F9549C5EE /* [CP] Embed Pods Frameworks */ = {
			isa = PBXShellScriptBuildPhase;
			buildActionMask = 2147483647;
			files = (
			);
			inputPaths = (
			);
			name = "[CP] Embed Pods Frameworks";
			outputPaths = (
			);
			runOnlyForDeploymentPostprocessing = 0;
			shellPath = /bin/sh;
			shellScript = "\"${SRCROOT}/../Pods/Target Support Files/Pods-Masonry iOS Examples/Pods-Masonry iOS Examples-frameworks.sh\"\n";
			showEnvVarsInLog = 0;
		};
/* End PBXShellScriptBuildPhase section */

/* Begin PBXSourcesBuildPhase section */
		DD52F223179CAD57005CD195 /* Sources */ = {
			isa = PBXSourcesBuildPhase;
			buildActionMask = 2147483647;
			files = (
				00FC4A321B7359D700DCA999 /* MASExampleDistributeView.m in Sources */,
				DD175E6A182639FB0099129A /* MASExampleUpdateView.m in Sources */,
				DD52F237179CAD57005CD195 /* main.m in Sources */,
				3DB1CAD5184538E200E91FC5 /* MASExampleArrayView.m in Sources */,
				DD52F23B179CAD57005CD195 /* MASAppDelegate.m in Sources */,
				DD52F251179CADC0005CD195 /* MASExampleBasicView.m in Sources */,
				44C0E6AF1A9B9C55003C70CF /* MASExampleMarginView.m in Sources */,
				DD653E4A1843E61500D1EC5A /* MASExampleLayoutGuideViewController.m in Sources */,
				DDDF60CC181915E300BF7B8B /* MASExampleLabelView.m in Sources */,
				27A27D461A6CF0C400D34F52 /* MASExampleAspectFitView.m in Sources */,
				DD52F252179CADC0005CD195 /* MASExampleConstantsView.m in Sources */,
				DD52F253179CADC0005CD195 /* MASExampleListViewController.m in Sources */,
				DFBACE591F7B76E40047F15A /* MASExampleSafeAreaLayoutGuideViewController.m in Sources */,
				DD52F254179CADC0005CD195 /* MASExampleSidesView.m in Sources */,
				DD32C3FD18E8BFF6001F6AD2 /* MASExampleAttributeChainingView.m in Sources */,
				DD52F255179CADC0005CD195 /* MASExampleViewController.m in Sources */,
				DDF3875C179D648D00178773 /* MASExampleAnimatedView.m in Sources */,
				DD7CC17617ACE990007A469E /* MASExampleDebuggingView.m in Sources */,
				4BEB55B61957394E008C862B /* MASExampleRemakeView.m in Sources */,
				DD9B4D35183CC980002BF408 /* MASExampleScrollView.m in Sources */,
			);
			runOnlyForDeploymentPostprocessing = 0;
		};
/* End PBXSourcesBuildPhase section */

/* Begin PBXVariantGroup section */
		DD52F233179CAD57005CD195 /* InfoPlist.strings */ = {
			isa = PBXVariantGroup;
			children = (
				DD52F234179CAD57005CD195 /* en */,
			);
			name = InfoPlist.strings;
			sourceTree = "<group>";
		};
/* End PBXVariantGroup section */

/* Begin XCBuildConfiguration section */
		DD52F242179CAD57005CD195 /* Debug */ = {
			isa = XCBuildConfiguration;
			buildSettings = {
				ALWAYS_SEARCH_USER_PATHS = YES;
				CLANG_CXX_LANGUAGE_STANDARD = "gnu++0x";
				CLANG_CXX_LIBRARY = "libc++";
				CLANG_ENABLE_OBJC_ARC = YES;
				CLANG_WARN_BLOCK_CAPTURE_AUTORELEASING = YES;
				CLANG_WARN_BOOL_CONVERSION = YES;
				CLANG_WARN_COMMA = YES;
				CLANG_WARN_CONSTANT_CONVERSION = YES;
				CLANG_WARN_EMPTY_BODY = YES;
				CLANG_WARN_ENUM_CONVERSION = YES;
				CLANG_WARN_INFINITE_RECURSION = YES;
				CLANG_WARN_INT_CONVERSION = YES;
				CLANG_WARN_NON_LITERAL_NULL_CONVERSION = YES;
				CLANG_WARN_OBJC_LITERAL_CONVERSION = YES;
				CLANG_WARN_RANGE_LOOP_ANALYSIS = YES;
				CLANG_WARN_STRICT_PROTOTYPES = YES;
				CLANG_WARN_SUSPICIOUS_MOVE = YES;
				CLANG_WARN_UNREACHABLE_CODE = YES;
				CLANG_WARN__DUPLICATE_METHOD_MATCH = YES;
				"CODE_SIGN_IDENTITY[sdk=iphoneos*]" = "iPhone Developer";
				COPY_PHASE_STRIP = NO;
				ENABLE_STRICT_OBJC_MSGSEND = YES;
				ENABLE_TESTABILITY = YES;
				GCC_C_LANGUAGE_STANDARD = gnu99;
				GCC_DYNAMIC_NO_PIC = NO;
				GCC_NO_COMMON_BLOCKS = YES;
				GCC_OPTIMIZATION_LEVEL = 0;
				GCC_PREPROCESSOR_DEFINITIONS = (
					"DEBUG=1",
					"$(inherited)",
				);
				GCC_SYMBOLS_PRIVATE_EXTERN = NO;
				GCC_WARN_64_TO_32_BIT_CONVERSION = YES;
				GCC_WARN_ABOUT_RETURN_TYPE = YES;
				GCC_WARN_UNDECLARED_SELECTOR = YES;
				GCC_WARN_UNINITIALIZED_AUTOS = YES;
				GCC_WARN_UNUSED_FUNCTION = YES;
				GCC_WARN_UNUSED_VARIABLE = YES;
				ONLY_ACTIVE_ARCH = YES;
				SDKROOT = iphoneos;
				TARGETED_DEVICE_FAMILY = "1,2";
			};
			name = Debug;
		};
		DD52F243179CAD57005CD195 /* Release */ = {
			isa = XCBuildConfiguration;
			buildSettings = {
				ALWAYS_SEARCH_USER_PATHS = YES;
				CLANG_CXX_LANGUAGE_STANDARD = "gnu++0x";
				CLANG_CXX_LIBRARY = "libc++";
				CLANG_ENABLE_OBJC_ARC = YES;
				CLANG_WARN_BLOCK_CAPTURE_AUTORELEASING = YES;
				CLANG_WARN_BOOL_CONVERSION = YES;
				CLANG_WARN_COMMA = YES;
				CLANG_WARN_CONSTANT_CONVERSION = YES;
				CLANG_WARN_EMPTY_BODY = YES;
				CLANG_WARN_ENUM_CONVERSION = YES;
				CLANG_WARN_INFINITE_RECURSION = YES;
				CLANG_WARN_INT_CONVERSION = YES;
				CLANG_WARN_NON_LITERAL_NULL_CONVERSION = YES;
				CLANG_WARN_OBJC_LITERAL_CONVERSION = YES;
				CLANG_WARN_RANGE_LOOP_ANALYSIS = YES;
				CLANG_WARN_STRICT_PROTOTYPES = YES;
				CLANG_WARN_SUSPICIOUS_MOVE = YES;
				CLANG_WARN_UNREACHABLE_CODE = YES;
				CLANG_WARN__DUPLICATE_METHOD_MATCH = YES;
				"CODE_SIGN_IDENTITY[sdk=iphoneos*]" = "iPhone Developer";
				COPY_PHASE_STRIP = YES;
				ENABLE_STRICT_OBJC_MSGSEND = YES;
				GCC_C_LANGUAGE_STANDARD = gnu99;
				GCC_NO_COMMON_BLOCKS = YES;
				GCC_WARN_64_TO_32_BIT_CONVERSION = YES;
				GCC_WARN_ABOUT_RETURN_TYPE = YES;
				GCC_WARN_UNDECLARED_SELECTOR = YES;
				GCC_WARN_UNINITIALIZED_AUTOS = YES;
				GCC_WARN_UNUSED_FUNCTION = YES;
				GCC_WARN_UNUSED_VARIABLE = YES;
				OTHER_CFLAGS = "-DNS_BLOCK_ASSERTIONS=1";
				SDKROOT = iphoneos;
				TARGETED_DEVICE_FAMILY = "1,2";
				VALIDATE_PRODUCT = YES;
			};
			name = Release;
		};
		DD52F245179CAD57005CD195 /* Debug */ = {
			isa = XCBuildConfiguration;
			baseConfigurationReference = 50B25D0621957AEB87C3FCC2 /* Pods-Masonry iOS Examples.debug.xcconfig */;
			buildSettings = {
				GCC_PRECOMPILE_PREFIX_HEADER = YES;
				GCC_PREFIX_HEADER = "Masonry iOS Examples/Masonry iOS Examples-Prefix.pch";
				INFOPLIST_FILE = "Masonry iOS Examples/Masonry iOS Examples-Info.plist";
				PRODUCT_BUNDLE_IDENTIFIER = "com.cloudling.${PRODUCT_NAME:rfc1034identifier}";
				PRODUCT_NAME = "Masonry iOS Examples";
				WRAPPER_EXTENSION = app;
			};
			name = Debug;
		};
		DD52F246179CAD57005CD195 /* Release */ = {
			isa = XCBuildConfiguration;
			baseConfigurationReference = 321AA59CF7B045B6D503D2E5 /* Pods-Masonry iOS Examples.release.xcconfig */;
			buildSettings = {
				GCC_PRECOMPILE_PREFIX_HEADER = YES;
				GCC_PREFIX_HEADER = "Masonry iOS Examples/Masonry iOS Examples-Prefix.pch";
				INFOPLIST_FILE = "Masonry iOS Examples/Masonry iOS Examples-Info.plist";
				PRODUCT_BUNDLE_IDENTIFIER = "com.cloudling.${PRODUCT_NAME:rfc1034identifier}";
				PRODUCT_NAME = "Masonry iOS Examples";
				WRAPPER_EXTENSION = app;
			};
			name = Release;
		};
/* End XCBuildConfiguration section */

/* Begin XCConfigurationList section */
		DD52F222179CAD57005CD195 /* Build configuration list for PBXProject "Masonry iOS Examples" */ = {
			isa = XCConfigurationList;
			buildConfigurations = (
				DD52F242179CAD57005CD195 /* Debug */,
				DD52F243179CAD57005CD195 /* Release */,
			);
			defaultConfigurationIsVisible = 0;
			defaultConfigurationName = Release;
		};
		DD52F244179CAD57005CD195 /* Build configuration list for PBXNativeTarget "Masonry iOS Examples" */ = {
			isa = XCConfigurationList;
			buildConfigurations = (
				DD52F245179CAD57005CD195 /* Debug */,
				DD52F246179CAD57005CD195 /* Release */,
			);
			defaultConfigurationIsVisible = 0;
			defaultConfigurationName = Release;
		};
/* End XCConfigurationList section */
	};
	rootObject = DD52F21F179CAD57005CD195 /* Project object */;
}
