PODS:
  - Expecta (1.0.5)
  - Masonry (1.0.2)

DEPENDENCIES:
  - Expecta
  - Masonry (from `./`)

EXTERNAL SOURCES:
  Masonry:
    :path: "./"

SPEC CHECKSUMS:
  Expecta: e1c022fcd33910b6be89c291d2775b3fe27a89fe
  Masonry: 7c429b56da9d4ee0bbb3ed77a5ea710d6a5df39e

PODFILE CHECKSUM: a30c350a250a8af6afde1caabae52ede1d76714b

COCOAPODS: 1.0.1
