PODS:
  - Expecta (1.0.6)
  - Masonry (1.2.0)

DEPENDENCIES:
  - Expecta
  - Masonry (from `./`)

SPEC REPOS:
  trunk:
    - Expecta

EXTERNAL SOURCES:
  Masonry:
    :path: "./"

SPEC CHECKSUMS:
  Expecta: 3b6bd90a64b9a1dcb0b70aa0e10a7f8f631667d5
  Masonry: 96a3fe904efc19f534b3c48982db9f616613c590

PODFILE CHECKSUM: edc6e98a73a37366909dc5103723a76307aebb04

COCOAPODS: 1.10.1
