<?xml version="1.0" encoding="UTF-8"?>
<!DOCTYPE plist PUBLIC "-//Apple//DTD PLIST 1.0//EN" "http://www.apple.com/DTDs/PropertyList-1.0.dtd">
<plist version="1.0">
<dict>
	<key>archiveVersion</key>
	<string>1</string>
	<key>classes</key>
	<dict/>
	<key>objectVersion</key>
	<string>46</string>
	<key>objects</key>
	<dict>
		<key>03674DA26B0749DA89CBB9C4</key>
		<dict>
			<key>fileRef</key>
			<string>47918AE732004ACDA52EF295</string>
			<key>isa</key>
			<string>PBXBuildFile</string>
		</dict>
		<key>1ABDF84BB7EB4FD087045E36</key>
		<dict>
			<key>fileRef</key>
			<string>1CF4FBEAC97D4EA5ABA1D512</string>
			<key>isa</key>
			<string>PBXBuildFile</string>
		</dict>
		<key>1CF4FBEAC97D4EA5ABA1D512</key>
		<dict>
			<key>explicitFileType</key>
			<string>archive.ar</string>
			<key>includeInIndex</key>
			<string>0</string>
			<key>isa</key>
			<string>PBXFileReference</string>
			<key>path</key>
			<string>libPods-Masonry iOS Tests.a</string>
			<key>sourceTree</key>
			<string>BUILT_PRODUCTS_DIR</string>
		</dict>
		<key>20CC4ABE19D3EE262A136582</key>
		<dict>
			<key>includeInIndex</key>
			<string>1</string>
			<key>isa</key>
			<string>PBXFileReference</string>
			<key>lastKnownFileType</key>
			<string>text.xcconfig</string>
			<key>name</key>
			<string>Pods-Masonry iOS Tests.release.xcconfig</string>
			<key>path</key>
			<string>../Pods/Target Support Files/Pods-Masonry iOS Tests/Pods-Masonry iOS Tests.release.xcconfig</string>
			<key>sourceTree</key>
			<string>&lt;group&gt;</string>
		</dict>
		<key>31A2D7D777514D639ED660C8</key>
		<dict>
			<key>buildActionMask</key>
			<string>2147483647</string>
			<key>files</key>
			<array/>
			<key>inputPaths</key>
			<array/>
			<key>isa</key>
			<string>PBXShellScriptBuildPhase</string>
			<key>name</key>
			<string>[CP] Check Pods Manifest.lock</string>
			<key>outputPaths</key>
			<array/>
			<key>runOnlyForDeploymentPostprocessing</key>
			<string>0</string>
			<key>shellPath</key>
			<string>/bin/sh</string>
			<key>shellScript</key>
			<string>diff "${PODS_ROOT}/../Podfile.lock" "${PODS_ROOT}/Manifest.lock" &gt; /dev/null
if [[ $? != 0 ]] ; then
    cat &lt;&lt; EOM
error: The sandbox is not in sync with the Podfile.lock. Run 'pod install' or update your CocoaPods installation.
EOM
    exit 1
fi
</string>
			<key>showEnvVarsInLog</key>
			<string>0</string>
		</dict>
		<key>39E4168F51AD67BA390486D7</key>
		<dict>
			<key>children</key>
			<array>
				<string>D7C49E3BFEC39EF9CC752050</string>
				<string>20CC4ABE19D3EE262A136582</string>
				<string>FA30CDC14969096518121CA2</string>
				<string>B3C285A8F21659F8AC931CFE</string>
			</array>
			<key>isa</key>
			<string>PBXGroup</string>
			<key>name</key>
			<string>Pods</string>
			<key>sourceTree</key>
			<string>&lt;group&gt;</string>
		</dict>
		<key>3D21C42A1845D0C0001D5F97</key>
		<dict>
			<key>isa</key>
			<string>PBXFileReference</string>
			<key>lastKnownFileType</key>
			<string>sourcecode.c.objc</string>
			<key>path</key>
			<string>NSArray+MASAdditionsSpec.m</string>
			<key>sourceTree</key>
			<string>&lt;group&gt;</string>
		</dict>
		<key>3D21C42B1845D0CA001D5F97</key>
		<dict>
			<key>fileRef</key>
			<string>3D21C42A1845D0C0001D5F97</string>
			<key>isa</key>
			<string>PBXBuildFile</string>
		</dict>
		<key>4473548F1B3A17B4004DACCB</key>
		<dict>
			<key>fileEncoding</key>
			<string>4</string>
			<key>isa</key>
			<string>PBXFileReference</string>
			<key>lastKnownFileType</key>
			<string>sourcecode.c.objc</string>
			<key>path</key>
			<string>ViewController+MASAdditionsSpec.m</string>
			<key>sourceTree</key>
			<string>&lt;group&gt;</string>
		</dict>
		<key>447354911B3A1818004DACCB</key>
		<dict>
			<key>fileRef</key>
			<string>4473548F1B3A17B4004DACCB</string>
			<key>isa</key>
			<string>PBXBuildFile</string>
		</dict>
		<key>47918AE732004ACDA52EF295</key>
		<dict>
			<key>explicitFileType</key>
			<string>archive.ar</string>
			<key>includeInIndex</key>
			<string>0</string>
			<key>isa</key>
			<string>PBXFileReference</string>
			<key>path</key>
			<string>libPods-MasonryTestsLoader.a</string>
			<key>sourceTree</key>
			<string>BUILT_PRODUCTS_DIR</string>
		</dict>
		<key>5AEE51071FAE8B3BB28C9E5E</key>
		<dict>
			<key>buildActionMask</key>
			<string>2147483647</string>
			<key>files</key>
			<array/>
			<key>inputPaths</key>
			<array/>
			<key>isa</key>
			<string>PBXShellScriptBuildPhase</string>
			<key>name</key>
			<string>[CP] Embed Pods Frameworks</string>
			<key>outputPaths</key>
			<array/>
			<key>runOnlyForDeploymentPostprocessing</key>
			<string>0</string>
			<key>shellPath</key>
			<string>/bin/sh</string>
			<key>shellScript</key>
			<string>"${SRCROOT}/../Pods/Target Support Files/Pods-Masonry iOS Tests/Pods-Masonry iOS Tests-frameworks.sh"
</string>
			<key>showEnvVarsInLog</key>
			<string>0</string>
		</dict>
		<key>5B07E509D5304034616D89F7</key>
		<dict>
			<key>buildActionMask</key>
			<string>2147483647</string>
			<key>files</key>
			<array/>
			<key>inputPaths</key>
			<array/>
			<key>isa</key>
			<string>PBXShellScriptBuildPhase</string>
			<key>name</key>
			<string>[CP] Embed Pods Frameworks</string>
			<key>outputPaths</key>
			<array/>
			<key>runOnlyForDeploymentPostprocessing</key>
			<string>0</string>
			<key>shellPath</key>
			<string>/bin/sh</string>
			<key>shellScript</key>
			<string>"${SRCROOT}/../Pods/Target Support Files/Pods-MasonryTestsLoader/Pods-MasonryTestsLoader-frameworks.sh"
</string>
			<key>showEnvVarsInLog</key>
			<string>0</string>
		</dict>
		<key>9F27CD2D75E246C0A787A688</key>
		<dict>
			<key>buildActionMask</key>
			<string>2147483647</string>
			<key>files</key>
			<array/>
			<key>inputPaths</key>
			<array/>
			<key>isa</key>
			<string>PBXShellScriptBuildPhase</string>
			<key>name</key>
			<string>[CP] Check Pods Manifest.lock</string>
			<key>outputPaths</key>
			<array/>
			<key>runOnlyForDeploymentPostprocessing</key>
			<string>0</string>
			<key>shellPath</key>
			<string>/bin/sh</string>
			<key>shellScript</key>
			<string>diff "${PODS_ROOT}/../Podfile.lock" "${PODS_ROOT}/Manifest.lock" &gt; /dev/null
if [[ $? != 0 ]] ; then
    cat &lt;&lt; EOM
error: The sandbox is not in sync with the Podfile.lock. Run 'pod install' or update your CocoaPods installation.
EOM
    exit 1
fi
</string>
			<key>showEnvVarsInLog</key>
			<string>0</string>
		</dict>
		<key>B3C285A8F21659F8AC931CFE</key>
		<dict>
			<key>includeInIndex</key>
			<string>1</string>
			<key>isa</key>
			<string>PBXFileReference</string>
			<key>lastKnownFileType</key>
			<string>text.xcconfig</string>
			<key>name</key>
			<string>Pods-MasonryTestsLoader.release.xcconfig</string>
			<key>path</key>
			<string>../Pods/Target Support Files/Pods-MasonryTestsLoader/Pods-MasonryTestsLoader.release.xcconfig</string>
			<key>sourceTree</key>
			<string>&lt;group&gt;</string>
		</dict>
		<key>D7C49E3BFEC39EF9CC752050</key>
		<dict>
			<key>includeInIndex</key>
			<string>1</string>
			<key>isa</key>
			<string>PBXFileReference</string>
			<key>lastKnownFileType</key>
			<string>text.xcconfig</string>
			<key>name</key>
			<string>Pods-Masonry iOS Tests.debug.xcconfig</string>
			<key>path</key>
			<string>../Pods/Target Support Files/Pods-Masonry iOS Tests/Pods-Masonry iOS Tests.debug.xcconfig</string>
			<key>sourceTree</key>
			<string>&lt;group&gt;</string>
		</dict>
		<key>DB244E91C65945F39DE14644</key>
		<dict>
			<key>buildActionMask</key>
			<string>2147483647</string>
			<key>files</key>
			<array/>
			<key>inputPaths</key>
			<array/>
			<key>isa</key>
			<string>PBXShellScriptBuildPhase</string>
			<key>name</key>
			<string>[CP] Copy Pods Resources</string>
			<key>outputPaths</key>
			<array/>
			<key>runOnlyForDeploymentPostprocessing</key>
			<string>0</string>
			<key>shellPath</key>
			<string>/bin/sh</string>
			<key>shellScript</key>
			<string>"${SRCROOT}/../Pods/Target Support Files/Pods-MasonryTestsLoader/Pods-MasonryTestsLoader-resources.sh"
</string>
			<key>showEnvVarsInLog</key>
			<string>0</string>
		</dict>
		<key>DC72D687A4114D04BBA75896</key>
		<dict>
			<key>buildActionMask</key>
			<string>2147483647</string>
			<key>files</key>
			<array/>
			<key>inputPaths</key>
			<array/>
			<key>isa</key>
			<string>PBXShellScriptBuildPhase</string>
			<key>name</key>
			<string>[CP] Copy Pods Resources</string>
			<key>outputPaths</key>
			<array/>
			<key>runOnlyForDeploymentPostprocessing</key>
			<string>0</string>
			<key>shellPath</key>
			<string>/bin/sh</string>
			<key>shellScript</key>
			<string>"${SRCROOT}/../Pods/Target Support Files/Pods-Masonry iOS Tests/Pods-Masonry iOS Tests-resources.sh"
</string>
			<key>showEnvVarsInLog</key>
			<string>0</string>
		</dict>
		<key>DD7179F318442A1F00FAA7A8</key>
		<dict>
			<key>children</key>
			<array>
				<string>DD717A4718442EC600FAA7A8</string>
				<string>DD717A5E18442F3900FAA7A8</string>
				<string>DD717A0018442A6400FAA7A8</string>
				<string>DD7179FF18442A6400FAA7A8</string>
				<string>39E4168F51AD67BA390486D7</string>
			</array>
			<key>isa</key>
			<string>PBXGroup</string>
			<key>sourceTree</key>
			<string>&lt;group&gt;</string>
		</dict>
		<key>DD7179F418442A1F00FAA7A8</key>
		<dict>
			<key>attributes</key>
			<dict>
				<key>LastUpgradeCheck</key>
				<string>0500</string>
				<key>TargetAttributes</key>
				<dict>
					<key>DD717A3118442ADC00FAA7A8</key>
					<dict>
						<key>TestTargetID</key>
						<string>DD7179FD18442A6400FAA7A8</string>
					</dict>
				</dict>
			</dict>
			<key>buildConfigurationList</key>
			<string>DD7179F718442A1F00FAA7A8</string>
			<key>compatibilityVersion</key>
			<string>Xcode 3.2</string>
			<key>developmentRegion</key>
			<string>English</string>
			<key>hasScannedForEncodings</key>
			<string>0</string>
			<key>isa</key>
			<string>PBXProject</string>
			<key>knownRegions</key>
			<array>
				<string>en</string>
			</array>
			<key>mainGroup</key>
			<string>DD7179F318442A1F00FAA7A8</string>
			<key>productRefGroup</key>
			<string>DD7179FF18442A6400FAA7A8</string>
			<key>projectDirPath</key>
			<string></string>
			<key>projectReferences</key>
			<array/>
			<key>projectRoot</key>
			<string></string>
			<key>targets</key>
			<array>
				<string>DD7179FD18442A6400FAA7A8</string>
				<string>DD717A3118442ADC00FAA7A8</string>
			</array>
		</dict>
		<key>DD7179F718442A1F00FAA7A8</key>
		<dict>
			<key>buildConfigurations</key>
			<array>
				<string>DD7179F818442A1F00FAA7A8</string>
				<string>DD7179F918442A1F00FAA7A8</string>
			</array>
			<key>defaultConfigurationIsVisible</key>
			<string>0</string>
			<key>defaultConfigurationName</key>
			<string>Release</string>
			<key>isa</key>
			<string>XCConfigurationList</string>
		</dict>
		<key>DD7179F818442A1F00FAA7A8</key>
		<dict>
			<key>buildSettings</key>
			<dict/>
			<key>isa</key>
			<string>XCBuildConfiguration</string>
			<key>name</key>
			<string>Debug</string>
		</dict>
		<key>DD7179F918442A1F00FAA7A8</key>
		<dict>
			<key>buildSettings</key>
			<dict/>
			<key>isa</key>
			<string>XCBuildConfiguration</string>
			<key>name</key>
			<string>Release</string>
		</dict>
		<key>DD7179FA18442A6400FAA7A8</key>
		<dict>
			<key>buildActionMask</key>
			<string>2147483647</string>
			<key>files</key>
			<array>
				<string>DD717A1218442A6400FAA7A8</string>
				<string>DD717A0E18442A6400FAA7A8</string>
			</array>
			<key>isa</key>
			<string>PBXSourcesBuildPhase</string>
			<key>runOnlyForDeploymentPostprocessing</key>
			<string>0</string>
		</dict>
		<key>DD7179FB18442A6400FAA7A8</key>
		<dict>
			<key>buildActionMask</key>
			<string>2147483647</string>
			<key>files</key>
			<array>
				<string>DD717A0418442A6400FAA7A8</string>
				<string>DD717A0618442A6400FAA7A8</string>
				<string>DD717A0218442A6400FAA7A8</string>
				<string>03674DA26B0749DA89CBB9C4</string>
			</array>
			<key>isa</key>
			<string>PBXFrameworksBuildPhase</string>
			<key>runOnlyForDeploymentPostprocessing</key>
			<string>0</string>
		</dict>
		<key>DD7179FC18442A6400FAA7A8</key>
		<dict>
			<key>buildActionMask</key>
			<string>2147483647</string>
			<key>files</key>
			<array>
				<string>DD717A0C18442A6400FAA7A8</string>
				<string>DD717A1418442A6400FAA7A8</string>
			</array>
			<key>isa</key>
			<string>PBXResourcesBuildPhase</string>
			<key>runOnlyForDeploymentPostprocessing</key>
			<string>0</string>
		</dict>
		<key>DD7179FD18442A6400FAA7A8</key>
		<dict>
			<key>buildConfigurationList</key>
			<string>DD717A2818442A6400FAA7A8</string>
			<key>buildPhases</key>
			<array>
				<string>31A2D7D777514D639ED660C8</string>
				<string>DD7179FA18442A6400FAA7A8</string>
				<string>DD7179FB18442A6400FAA7A8</string>
				<string>DD7179FC18442A6400FAA7A8</string>
				<string>DB244E91C65945F39DE14644</string>
				<string>5B07E509D5304034616D89F7</string>
			</array>
			<key>buildRules</key>
			<array/>
			<key>dependencies</key>
			<array/>
			<key>isa</key>
			<string>PBXNativeTarget</string>
			<key>name</key>
			<string>MasonryTestsLoader</string>
			<key>productName</key>
			<string>MasonryTestsLoader</string>
			<key>productReference</key>
			<string>DD7179FE18442A6400FAA7A8</string>
			<key>productType</key>
			<string>com.apple.product-type.application</string>
		</dict>
		<key>DD7179FE18442A6400FAA7A8</key>
		<dict>
			<key>explicitFileType</key>
			<string>wrapper.application</string>
			<key>includeInIndex</key>
			<string>0</string>
			<key>isa</key>
			<string>PBXFileReference</string>
			<key>path</key>
			<string>MasonryTestsLoader.app</string>
			<key>sourceTree</key>
			<string>BUILT_PRODUCTS_DIR</string>
		</dict>
		<key>DD7179FF18442A6400FAA7A8</key>
		<dict>
			<key>children</key>
			<array>
				<string>DD7179FE18442A6400FAA7A8</string>
				<string>DD717A3218442ADC00FAA7A8</string>
			</array>
			<key>isa</key>
			<string>PBXGroup</string>
			<key>name</key>
			<string>Products</string>
			<key>sourceTree</key>
			<string>&lt;group&gt;</string>
		</dict>
		<key>DD717A0018442A6400FAA7A8</key>
		<dict>
			<key>children</key>
			<array>
				<string>DD717A0118442A6400FAA7A8</string>
				<string>DD717A0318442A6400FAA7A8</string>
				<string>DD717A0518442A6400FAA7A8</string>
				<string>DD717A1A18442A6400FAA7A8</string>
				<string>1CF4FBEAC97D4EA5ABA1D512</string>
				<string>47918AE732004ACDA52EF295</string>
			</array>
			<key>isa</key>
			<string>PBXGroup</string>
			<key>name</key>
			<string>Frameworks</string>
			<key>sourceTree</key>
			<string>&lt;group&gt;</string>
		</dict>
		<key>DD717A0118442A6400FAA7A8</key>
		<dict>
			<key>isa</key>
			<string>PBXFileReference</string>
			<key>lastKnownFileType</key>
			<string>wrapper.framework</string>
			<key>name</key>
			<string>Foundation.framework</string>
			<key>path</key>
			<string>System/Library/Frameworks/Foundation.framework</string>
			<key>sourceTree</key>
			<string>SDKROOT</string>
		</dict>
		<key>DD717A0218442A6400FAA7A8</key>
		<dict>
			<key>fileRef</key>
			<string>DD717A0118442A6400FAA7A8</string>
			<key>isa</key>
			<string>PBXBuildFile</string>
		</dict>
		<key>DD717A0318442A6400FAA7A8</key>
		<dict>
			<key>isa</key>
			<string>PBXFileReference</string>
			<key>lastKnownFileType</key>
			<string>wrapper.framework</string>
			<key>name</key>
			<string>CoreGraphics.framework</string>
			<key>path</key>
			<string>System/Library/Frameworks/CoreGraphics.framework</string>
			<key>sourceTree</key>
			<string>SDKROOT</string>
		</dict>
		<key>DD717A0418442A6400FAA7A8</key>
		<dict>
			<key>fileRef</key>
			<string>DD717A0318442A6400FAA7A8</string>
			<key>isa</key>
			<string>PBXBuildFile</string>
		</dict>
		<key>DD717A0518442A6400FAA7A8</key>
		<dict>
			<key>isa</key>
			<string>PBXFileReference</string>
			<key>lastKnownFileType</key>
			<string>wrapper.framework</string>
			<key>name</key>
			<string>UIKit.framework</string>
			<key>path</key>
			<string>Library/Frameworks/UIKit.framework</string>
			<key>sourceTree</key>
			<string>DEVELOPER_DIR</string>
		</dict>
		<key>DD717A0618442A6400FAA7A8</key>
		<dict>
			<key>fileRef</key>
			<string>DD717A0518442A6400FAA7A8</string>
			<key>isa</key>
			<string>PBXBuildFile</string>
		</dict>
		<key>DD717A0718442A6400FAA7A8</key>
		<dict>
			<key>children</key>
			<array>
				<string>DD717A1018442A6400FAA7A8</string>
				<string>DD717A1118442A6400FAA7A8</string>
				<string>DD717A1318442A6400FAA7A8</string>
				<string>DD717A0918442A6400FAA7A8</string>
				<string>DD717A0A18442A6400FAA7A8</string>
				<string>DD717A0D18442A6400FAA7A8</string>
				<string>DD717A0F18442A6400FAA7A8</string>
			</array>
			<key>isa</key>
			<string>PBXGroup</string>
			<key>path</key>
			<string>MasonryTestsLoader</string>
			<key>sourceTree</key>
			<string>&lt;group&gt;</string>
		</dict>
		<key>DD717A0918442A6400FAA7A8</key>
		<dict>
			<key>isa</key>
			<string>PBXFileReference</string>
			<key>lastKnownFileType</key>
			<string>text.plist.xml</string>
			<key>path</key>
			<string>MasonryTestsLoader-Info.plist</string>
			<key>sourceTree</key>
			<string>&lt;group&gt;</string>
		</dict>
		<key>DD717A0A18442A6400FAA7A8</key>
		<dict>
			<key>children</key>
			<array>
				<string>DD717A0B18442A6400FAA7A8</string>
			</array>
			<key>isa</key>
			<string>PBXVariantGroup</string>
			<key>name</key>
			<string>InfoPlist.strings</string>
			<key>sourceTree</key>
			<string>&lt;group&gt;</string>
		</dict>
		<key>DD717A0B18442A6400FAA7A8</key>
		<dict>
			<key>isa</key>
			<string>PBXFileReference</string>
			<key>lastKnownFileType</key>
			<string>text.plist.strings</string>
			<key>name</key>
			<string>en</string>
			<key>path</key>
			<string>en.lproj/InfoPlist.strings</string>
			<key>sourceTree</key>
			<string>&lt;group&gt;</string>
		</dict>
		<key>DD717A0C18442A6400FAA7A8</key>
		<dict>
			<key>fileRef</key>
			<string>DD717A0A18442A6400FAA7A8</string>
			<key>isa</key>
			<string>PBXBuildFile</string>
		</dict>
		<key>DD717A0D18442A6400FAA7A8</key>
		<dict>
			<key>isa</key>
			<string>PBXFileReference</string>
			<key>lastKnownFileType</key>
			<string>sourcecode.c.objc</string>
			<key>path</key>
			<string>main.m</string>
			<key>sourceTree</key>
			<string>&lt;group&gt;</string>
		</dict>
		<key>DD717A0E18442A6400FAA7A8</key>
		<dict>
			<key>fileRef</key>
			<string>DD717A0D18442A6400FAA7A8</string>
			<key>isa</key>
			<string>PBXBuildFile</string>
		</dict>
		<key>DD717A0F18442A6400FAA7A8</key>
		<dict>
			<key>isa</key>
			<string>PBXFileReference</string>
			<key>lastKnownFileType</key>
			<string>sourcecode.c.h</string>
			<key>path</key>
			<string>MasonryTestsLoader-Prefix.pch</string>
			<key>sourceTree</key>
			<string>&lt;group&gt;</string>
		</dict>
		<key>DD717A1018442A6400FAA7A8</key>
		<dict>
			<key>isa</key>
			<string>PBXFileReference</string>
			<key>lastKnownFileType</key>
			<string>sourcecode.c.h</string>
			<key>path</key>
			<string>CASAppDelegate.h</string>
			<key>sourceTree</key>
			<string>&lt;group&gt;</string>
		</dict>
		<key>DD717A1118442A6400FAA7A8</key>
		<dict>
			<key>isa</key>
			<string>PBXFileReference</string>
			<key>lastKnownFileType</key>
			<string>sourcecode.c.objc</string>
			<key>path</key>
			<string>CASAppDelegate.m</string>
			<key>sourceTree</key>
			<string>&lt;group&gt;</string>
		</dict>
		<key>DD717A1218442A6400FAA7A8</key>
		<dict>
			<key>fileRef</key>
			<string>DD717A1118442A6400FAA7A8</string>
			<key>isa</key>
			<string>PBXBuildFile</string>
		</dict>
		<key>DD717A1318442A6400FAA7A8</key>
		<dict>
			<key>isa</key>
			<string>PBXFileReference</string>
			<key>lastKnownFileType</key>
			<string>folder.assetcatalog</string>
			<key>path</key>
			<string>Images.xcassets</string>
			<key>sourceTree</key>
			<string>&lt;group&gt;</string>
		</dict>
		<key>DD717A1418442A6400FAA7A8</key>
		<dict>
			<key>fileRef</key>
			<string>DD717A1318442A6400FAA7A8</string>
			<key>isa</key>
			<string>PBXBuildFile</string>
		</dict>
		<key>DD717A1A18442A6400FAA7A8</key>
		<dict>
			<key>isa</key>
			<string>PBXFileReference</string>
			<key>lastKnownFileType</key>
			<string>wrapper.framework</string>
			<key>name</key>
			<string>XCTest.framework</string>
			<key>path</key>
			<string>Library/Frameworks/XCTest.framework</string>
			<key>sourceTree</key>
			<string>DEVELOPER_DIR</string>
		</dict>
		<key>DD717A2818442A6400FAA7A8</key>
		<dict>
			<key>buildConfigurations</key>
			<array>
				<string>DD717A2918442A6400FAA7A8</string>
				<string>DD717A2A18442A6400FAA7A8</string>
			</array>
			<key>defaultConfigurationIsVisible</key>
			<string>0</string>
			<key>defaultConfigurationName</key>
			<string>Release</string>
			<key>isa</key>
			<string>XCConfigurationList</string>
		</dict>
		<key>DD717A2918442A6400FAA7A8</key>
		<dict>
			<key>baseConfigurationReference</key>
			<string>FA30CDC14969096518121CA2</string>
			<key>buildSettings</key>
			<dict>
				<key>ALWAYS_SEARCH_USER_PATHS</key>
				<string>NO</string>
				<key>ASSETCATALOG_COMPILER_APPICON_NAME</key>
				<string>AppIcon</string>
				<key>ASSETCATALOG_COMPILER_LAUNCHIMAGE_NAME</key>
				<string>LaunchImage</string>
				<key>CLANG_CXX_LANGUAGE_STANDARD</key>
				<string>gnu++0x</string>
				<key>CLANG_CXX_LIBRARY</key>
				<string>libc++</string>
				<key>CLANG_ENABLE_MODULES</key>
				<string>YES</string>
				<key>CLANG_ENABLE_OBJC_ARC</key>
				<string>YES</string>
				<key>CLANG_WARN_BOOL_CONVERSION</key>
				<string>YES</string>
				<key>CLANG_WARN_CONSTANT_CONVERSION</key>
				<string>YES</string>
				<key>CLANG_WARN_DIRECT_OBJC_ISA_USAGE</key>
				<string>YES_ERROR</string>
				<key>CLANG_WARN_EMPTY_BODY</key>
				<string>YES</string>
				<key>CLANG_WARN_ENUM_CONVERSION</key>
				<string>YES</string>
				<key>CLANG_WARN_INT_CONVERSION</key>
				<string>YES</string>
				<key>CLANG_WARN_OBJC_ROOT_CLASS</key>
				<string>YES_ERROR</string>
				<key>CLANG_WARN__DUPLICATE_METHOD_MATCH</key>
				<string>YES</string>
				<key>CODE_SIGN_IDENTITY[sdk=iphoneos*]</key>
				<string>iPhone Developer</string>
				<key>COPY_PHASE_STRIP</key>
				<string>NO</string>
				<key>FRAMEWORK_SEARCH_PATHS</key>
				<array>
					<string>$(inherited)</string>
					<string>$(DEVELOPER_FRAMEWORKS_DIR)</string>
				</array>
				<key>GCC_C_LANGUAGE_STANDARD</key>
				<string>gnu99</string>
				<key>GCC_DYNAMIC_NO_PIC</key>
				<string>NO</string>
				<key>GCC_GENERATE_TEST_COVERAGE_FILES</key>
				<string>YES</string>
				<key>GCC_INSTRUMENT_PROGRAM_FLOW_ARCS</key>
				<string>YES</string>
				<key>GCC_OPTIMIZATION_LEVEL</key>
				<string>0</string>
				<key>GCC_PRECOMPILE_PREFIX_HEADER</key>
				<string>YES</string>
				<key>GCC_PREFIX_HEADER</key>
				<string>MasonryTestsLoader/MasonryTestsLoader-Prefix.pch</string>
				<key>GCC_PREPROCESSOR_DEFINITIONS</key>
				<array>
					<string>DEBUG=1</string>
					<string>$(inherited)</string>
				</array>
				<key>GCC_SYMBOLS_PRIVATE_EXTERN</key>
				<string>NO</string>
				<key>GCC_WARN_64_TO_32_BIT_CONVERSION</key>
				<string>YES</string>
				<key>GCC_WARN_ABOUT_RETURN_TYPE</key>
				<string>YES_ERROR</string>
				<key>GCC_WARN_UNDECLARED_SELECTOR</key>
				<string>YES</string>
				<key>GCC_WARN_UNINITIALIZED_AUTOS</key>
				<string>YES</string>
				<key>GCC_WARN_UNUSED_FUNCTION</key>
				<string>YES</string>
				<key>GCC_WARN_UNUSED_VARIABLE</key>
				<string>YES</string>
				<key>INFOPLIST_FILE</key>
				<string>MasonryTestsLoader/MasonryTestsLoader-Info.plist</string>
				<key>IPHONEOS_DEPLOYMENT_TARGET</key>
				<string>8.0</string>
				<key>ONLY_ACTIVE_ARCH</key>
				<string>YES</string>
				<key>PRODUCT_NAME</key>
				<string>$(TARGET_NAME)</string>
				<key>SDKROOT</key>
				<string>iphoneos</string>
				<key>TARGETED_DEVICE_FAMILY</key>
				<string>1,2</string>
				<key>WRAPPER_EXTENSION</key>
				<string>app</string>
			</dict>
			<key>isa</key>
			<string>XCBuildConfiguration</string>
			<key>name</key>
			<string>Debug</string>
		</dict>
		<key>DD717A2A18442A6400FAA7A8</key>
		<dict>
			<key>baseConfigurationReference</key>
			<string>B3C285A8F21659F8AC931CFE</string>
			<key>buildSettings</key>
			<dict>
				<key>ALWAYS_SEARCH_USER_PATHS</key>
				<string>NO</string>
				<key>ASSETCATALOG_COMPILER_APPICON_NAME</key>
				<string>AppIcon</string>
				<key>ASSETCATALOG_COMPILER_LAUNCHIMAGE_NAME</key>
				<string>LaunchImage</string>
				<key>CLANG_CXX_LANGUAGE_STANDARD</key>
				<string>gnu++0x</string>
				<key>CLANG_CXX_LIBRARY</key>
				<string>libc++</string>
				<key>CLANG_ENABLE_MODULES</key>
				<string>YES</string>
				<key>CLANG_ENABLE_OBJC_ARC</key>
				<string>YES</string>
				<key>CLANG_WARN_BOOL_CONVERSION</key>
				<string>YES</string>
				<key>CLANG_WARN_CONSTANT_CONVERSION</key>
				<string>YES</string>
				<key>CLANG_WARN_DIRECT_OBJC_ISA_USAGE</key>
				<string>YES_ERROR</string>
				<key>CLANG_WARN_EMPTY_BODY</key>
				<string>YES</string>
				<key>CLANG_WARN_ENUM_CONVERSION</key>
				<string>YES</string>
				<key>CLANG_WARN_INT_CONVERSION</key>
				<string>YES</string>
				<key>CLANG_WARN_OBJC_ROOT_CLASS</key>
				<string>YES_ERROR</string>
				<key>CLANG_WARN__DUPLICATE_METHOD_MATCH</key>
				<string>YES</string>
				<key>CODE_SIGN_IDENTITY[sdk=iphoneos*]</key>
				<string>iPhone Developer</string>
				<key>COPY_PHASE_STRIP</key>
				<string>YES</string>
				<key>ENABLE_NS_ASSERTIONS</key>
				<string>NO</string>
				<key>FRAMEWORK_SEARCH_PATHS</key>
				<array>
					<string>$(inherited)</string>
					<string>$(DEVELOPER_FRAMEWORKS_DIR)</string>
				</array>
				<key>GCC_C_LANGUAGE_STANDARD</key>
				<string>gnu99</string>
				<key>GCC_GENERATE_TEST_COVERAGE_FILES</key>
				<string>YES</string>
				<key>GCC_INSTRUMENT_PROGRAM_FLOW_ARCS</key>
				<string>YES</string>
				<key>GCC_PRECOMPILE_PREFIX_HEADER</key>
				<string>YES</string>
				<key>GCC_PREFIX_HEADER</key>
				<string>MasonryTestsLoader/MasonryTestsLoader-Prefix.pch</string>
				<key>GCC_WARN_64_TO_32_BIT_CONVERSION</key>
				<string>YES</string>
				<key>GCC_WARN_ABOUT_RETURN_TYPE</key>
				<string>YES_ERROR</string>
				<key>GCC_WARN_UNDECLARED_SELECTOR</key>
				<string>YES</string>
				<key>GCC_WARN_UNINITIALIZED_AUTOS</key>
				<string>YES</string>
				<key>GCC_WARN_UNUSED_FUNCTION</key>
				<string>YES</string>
				<key>GCC_WARN_UNUSED_VARIABLE</key>
				<string>YES</string>
				<key>INFOPLIST_FILE</key>
				<string>MasonryTestsLoader/MasonryTestsLoader-Info.plist</string>
				<key>IPHONEOS_DEPLOYMENT_TARGET</key>
				<string>8.0</string>
				<key>PRODUCT_NAME</key>
				<string>$(TARGET_NAME)</string>
				<key>SDKROOT</key>
				<string>iphoneos</string>
				<key>TARGETED_DEVICE_FAMILY</key>
				<string>1,2</string>
				<key>VALIDATE_PRODUCT</key>
				<string>YES</string>
				<key>WRAPPER_EXTENSION</key>
				<string>app</string>
			</dict>
			<key>isa</key>
			<string>XCBuildConfiguration</string>
			<key>name</key>
			<string>Release</string>
		</dict>
		<key>DD717A2E18442ADC00FAA7A8</key>
		<dict>
			<key>buildActionMask</key>
			<string>2147483647</string>
			<key>files</key>
			<array>
				<string>DD717A5518442EC600FAA7A8</string>
				<string>DD717A5318442EC600FAA7A8</string>
				<string>DD717A5618442EC600FAA7A8</string>
				<string>DD717A5718442EC600FAA7A8</string>
				<string>DD717A631844303200FAA7A8</string>
				<string>447354911B3A1818004DACCB</string>
				<string>3D21C42B1845D0CA001D5F97</string>
				<string>DD717A5418442EC600FAA7A8</string>
				<string>DD717A5218442EC600FAA7A8</string>
				<string>DD717A5118442EC600FAA7A8</string>
			</array>
			<key>isa</key>
			<string>PBXSourcesBuildPhase</string>
			<key>runOnlyForDeploymentPostprocessing</key>
			<string>0</string>
		</dict>
		<key>DD717A2F18442ADC00FAA7A8</key>
		<dict>
			<key>buildActionMask</key>
			<string>2147483647</string>
			<key>files</key>
			<array>
				<string>DD717A3318442ADC00FAA7A8</string>
				<string>DD717A3518442ADC00FAA7A8</string>
				<string>DD717A3418442ADC00FAA7A8</string>
				<string>1ABDF84BB7EB4FD087045E36</string>
			</array>
			<key>isa</key>
			<string>PBXFrameworksBuildPhase</string>
			<key>runOnlyForDeploymentPostprocessing</key>
			<string>0</string>
		</dict>
		<key>DD717A3018442ADC00FAA7A8</key>
		<dict>
			<key>buildActionMask</key>
			<string>2147483647</string>
			<key>files</key>
			<array/>
			<key>isa</key>
			<string>PBXResourcesBuildPhase</string>
			<key>runOnlyForDeploymentPostprocessing</key>
			<string>0</string>
		</dict>
		<key>DD717A3118442ADC00FAA7A8</key>
		<dict>
			<key>buildConfigurationList</key>
			<string>DD717A4118442ADD00FAA7A8</string>
			<key>buildPhases</key>
			<array>
				<string>9F27CD2D75E246C0A787A688</string>
				<string>DD717A2E18442ADC00FAA7A8</string>
				<string>DD717A2F18442ADC00FAA7A8</string>
				<string>DD717A3018442ADC00FAA7A8</string>
				<string>DC72D687A4114D04BBA75896</string>
				<string>5AEE51071FAE8B3BB28C9E5E</string>
			</array>
			<key>buildRules</key>
			<array/>
			<key>dependencies</key>
			<array>
				<string>DD717A4018442ADD00FAA7A8</string>
			</array>
			<key>isa</key>
			<string>PBXNativeTarget</string>
			<key>name</key>
			<string>Masonry iOS Tests</string>
			<key>productName</key>
			<string>Masonry iOS Tests</string>
			<key>productReference</key>
			<string>DD717A3218442ADC00FAA7A8</string>
			<key>productType</key>
			<string>com.apple.product-type.bundle.unit-test</string>
		</dict>
		<key>DD717A3218442ADC00FAA7A8</key>
		<dict>
			<key>explicitFileType</key>
			<string>wrapper.cfbundle</string>
			<key>includeInIndex</key>
			<string>0</string>
			<key>isa</key>
			<string>PBXFileReference</string>
			<key>path</key>
			<string>Masonry iOS Tests.xctest</string>
			<key>sourceTree</key>
			<string>BUILT_PRODUCTS_DIR</string>
		</dict>
		<key>DD717A3318442ADC00FAA7A8</key>
		<dict>
			<key>fileRef</key>
			<string>DD717A1A18442A6400FAA7A8</string>
			<key>isa</key>
			<string>PBXBuildFile</string>
		</dict>
		<key>DD717A3418442ADC00FAA7A8</key>
		<dict>
			<key>fileRef</key>
			<string>DD717A0118442A6400FAA7A8</string>
			<key>isa</key>
			<string>PBXBuildFile</string>
		</dict>
		<key>DD717A3518442ADC00FAA7A8</key>
		<dict>
			<key>fileRef</key>
			<string>DD717A0518442A6400FAA7A8</string>
			<key>isa</key>
			<string>PBXBuildFile</string>
		</dict>
		<key>DD717A3F18442ADD00FAA7A8</key>
		<dict>
			<key>containerPortal</key>
			<string>DD7179F418442A1F00FAA7A8</string>
			<key>isa</key>
			<string>PBXContainerItemProxy</string>
			<key>proxyType</key>
			<string>1</string>
			<key>remoteGlobalIDString</key>
			<string>DD7179FD18442A6400FAA7A8</string>
			<key>remoteInfo</key>
			<string>MasonryTestsLoader</string>
		</dict>
		<key>DD717A4018442ADD00FAA7A8</key>
		<dict>
			<key>isa</key>
			<string>PBXTargetDependency</string>
			<key>target</key>
			<string>DD7179FD18442A6400FAA7A8</string>
			<key>targetProxy</key>
			<string>DD717A3F18442ADD00FAA7A8</string>
		</dict>
		<key>DD717A4118442ADD00FAA7A8</key>
		<dict>
			<key>buildConfigurations</key>
			<array>
				<string>DD717A4218442ADD00FAA7A8</string>
				<string>DD717A4318442ADD00FAA7A8</string>
			</array>
			<key>defaultConfigurationIsVisible</key>
			<string>0</string>
			<key>defaultConfigurationName</key>
			<string>Release</string>
			<key>isa</key>
			<string>XCConfigurationList</string>
		</dict>
		<key>DD717A4218442ADD00FAA7A8</key>
		<dict>
			<key>baseConfigurationReference</key>
			<string>D7C49E3BFEC39EF9CC752050</string>
			<key>buildSettings</key>
			<dict>
				<key>ALWAYS_SEARCH_USER_PATHS</key>
				<string>NO</string>
				<key>BUNDLE_LOADER</key>
				<string>$(BUILT_PRODUCTS_DIR)/MasonryTestsLoader.app/MasonryTestsLoader</string>
				<key>CLANG_CXX_LANGUAGE_STANDARD</key>
				<string>gnu++0x</string>
				<key>CLANG_CXX_LIBRARY</key>
				<string>libc++</string>
				<key>CLANG_ENABLE_MODULES</key>
				<string>YES</string>
				<key>CLANG_ENABLE_OBJC_ARC</key>
				<string>YES</string>
				<key>CLANG_WARN_BOOL_CONVERSION</key>
				<string>YES</string>
				<key>CLANG_WARN_CONSTANT_CONVERSION</key>
				<string>YES</string>
				<key>CLANG_WARN_DIRECT_OBJC_ISA_USAGE</key>
				<string>YES_ERROR</string>
				<key>CLANG_WARN_EMPTY_BODY</key>
				<string>YES</string>
				<key>CLANG_WARN_ENUM_CONVERSION</key>
				<string>YES</string>
				<key>CLANG_WARN_INT_CONVERSION</key>
				<string>YES</string>
				<key>CLANG_WARN_OBJC_ROOT_CLASS</key>
				<string>YES_ERROR</string>
				<key>CLANG_WARN__DUPLICATE_METHOD_MATCH</key>
				<string>YES</string>
				<key>COPY_PHASE_STRIP</key>
				<string>NO</string>
				<key>FRAMEWORK_SEARCH_PATHS</key>
				<array>
					<string>$(inherited)</string>
					<string>$(DEVELOPER_FRAMEWORKS_DIR)</string>
				</array>
				<key>GCC_C_LANGUAGE_STANDARD</key>
				<string>gnu99</string>
				<key>GCC_DYNAMIC_NO_PIC</key>
				<string>NO</string>
				<key>GCC_OPTIMIZATION_LEVEL</key>
				<string>0</string>
				<key>GCC_PRECOMPILE_PREFIX_HEADER</key>
				<string>YES</string>
				<key>GCC_PREFIX_HEADER</key>
				<string>MasonryTests-Prefix.pch</string>
				<key>GCC_PREPROCESSOR_DEFINITIONS</key>
				<array>
					<string>DEBUG=1</string>
					<string>$(inherited)</string>
				</array>
				<key>GCC_SYMBOLS_PRIVATE_EXTERN</key>
				<string>NO</string>
				<key>GCC_WARN_64_TO_32_BIT_CONVERSION</key>
				<string>YES</string>
				<key>GCC_WARN_ABOUT_RETURN_TYPE</key>
				<string>YES_ERROR</string>
				<key>GCC_WARN_UNDECLARED_SELECTOR</key>
				<string>YES</string>
				<key>GCC_WARN_UNINITIALIZED_AUTOS</key>
				<string>YES</string>
				<key>GCC_WARN_UNUSED_FUNCTION</key>
				<string>YES</string>
				<key>GCC_WARN_UNUSED_VARIABLE</key>
				<string>YES</string>
				<key>INFOPLIST_FILE</key>
				<string>MasonryTests-Info.plist</string>
				<key>IPHONEOS_DEPLOYMENT_TARGET</key>
				<string>7.0</string>
				<key>ONLY_ACTIVE_ARCH</key>
				<string>YES</string>
				<key>PRODUCT_NAME</key>
				<string>$(TARGET_NAME)</string>
				<key>SDKROOT</key>
				<string>iphoneos</string>
				<key>TEST_HOST</key>
				<string>$(BUNDLE_LOADER)</string>
				<key>WRAPPER_EXTENSION</key>
				<string>xctest</string>
			</dict>
			<key>isa</key>
			<string>XCBuildConfiguration</string>
			<key>name</key>
			<string>Debug</string>
		</dict>
		<key>DD717A4318442ADD00FAA7A8</key>
		<dict>
			<key>baseConfigurationReference</key>
			<string>20CC4ABE19D3EE262A136582</string>
			<key>buildSettings</key>
			<dict>
				<key>ALWAYS_SEARCH_USER_PATHS</key>
				<string>NO</string>
				<key>BUNDLE_LOADER</key>
				<string>$(BUILT_PRODUCTS_DIR)/MasonryTestsLoader.app/MasonryTestsLoader</string>
				<key>CLANG_CXX_LANGUAGE_STANDARD</key>
				<string>gnu++0x</string>
				<key>CLANG_CXX_LIBRARY</key>
				<string>libc++</string>
				<key>CLANG_ENABLE_MODULES</key>
				<string>YES</string>
				<key>CLANG_ENABLE_OBJC_ARC</key>
				<string>YES</string>
				<key>CLANG_WARN_BOOL_CONVERSION</key>
				<string>YES</string>
				<key>CLANG_WARN_CONSTANT_CONVERSION</key>
				<string>YES</string>
				<key>CLANG_WARN_DIRECT_OBJC_ISA_USAGE</key>
				<string>YES_ERROR</string>
				<key>CLANG_WARN_EMPTY_BODY</key>
				<string>YES</string>
				<key>CLANG_WARN_ENUM_CONVERSION</key>
				<string>YES</string>
				<key>CLANG_WARN_INT_CONVERSION</key>
				<string>YES</string>
				<key>CLANG_WARN_OBJC_ROOT_CLASS</key>
				<string>YES_ERROR</string>
				<key>CLANG_WARN__DUPLICATE_METHOD_MATCH</key>
				<string>YES</string>
				<key>COPY_PHASE_STRIP</key>
				<string>YES</string>
				<key>ENABLE_NS_ASSERTIONS</key>
				<string>NO</string>
				<key>FRAMEWORK_SEARCH_PATHS</key>
				<array>
					<string>$(inherited)</string>
					<string>$(DEVELOPER_FRAMEWORKS_DIR)</string>
				</array>
				<key>GCC_C_LANGUAGE_STANDARD</key>
				<string>gnu99</string>
				<key>GCC_PRECOMPILE_PREFIX_HEADER</key>
				<string>YES</string>
				<key>GCC_PREFIX_HEADER</key>
				<string>MasonryTests-Prefix.pch</string>
				<key>GCC_WARN_64_TO_32_BIT_CONVERSION</key>
				<string>YES</string>
				<key>GCC_WARN_ABOUT_RETURN_TYPE</key>
				<string>YES_ERROR</string>
				<key>GCC_WARN_UNDECLARED_SELECTOR</key>
				<string>YES</string>
				<key>GCC_WARN_UNINITIALIZED_AUTOS</key>
				<string>YES</string>
				<key>GCC_WARN_UNUSED_FUNCTION</key>
				<string>YES</string>
				<key>GCC_WARN_UNUSED_VARIABLE</key>
				<string>YES</string>
				<key>INFOPLIST_FILE</key>
				<string>MasonryTests-Info.plist</string>
				<key>IPHONEOS_DEPLOYMENT_TARGET</key>
				<string>7.0</string>
				<key>PRODUCT_NAME</key>
				<string>$(TARGET_NAME)</string>
				<key>SDKROOT</key>
				<string>iphoneos</string>
				<key>TEST_HOST</key>
				<string>$(BUNDLE_LOADER)</string>
				<key>VALIDATE_PRODUCT</key>
				<string>YES</string>
				<key>WRAPPER_EXTENSION</key>
				<string>xctest</string>
			</dict>
			<key>isa</key>
			<string>XCBuildConfiguration</string>
			<key>name</key>
			<string>Release</string>
		</dict>
		<key>DD717A4718442EC600FAA7A8</key>
		<dict>
			<key>children</key>
			<array>
				<string>DD717A4818442EC600FAA7A8</string>
				<string>DD717A4918442EC600FAA7A8</string>
				<string>DD717A4A18442EC600FAA7A8</string>
				<string>DD717A4B18442EC600FAA7A8</string>
				<string>DD717A4C18442EC600FAA7A8</string>
				<string>DD717A4D18442EC600FAA7A8</string>
				<string>DD717A4E18442EC600FAA7A8</string>
				<string>DD717A5018442EC600FAA7A8</string>
				<string>4473548F1B3A17B4004DACCB</string>
				<string>3D21C42A1845D0C0001D5F97</string>
			</array>
			<key>isa</key>
			<string>PBXGroup</string>
			<key>path</key>
			<string>Specs</string>
			<key>sourceTree</key>
			<string>&lt;group&gt;</string>
		</dict>
		<key>DD717A4818442EC600FAA7A8</key>
		<dict>
			<key>fileEncoding</key>
			<string>4</string>
			<key>isa</key>
			<string>PBXFileReference</string>
			<key>lastKnownFileType</key>
			<string>sourcecode.c.objc</string>
			<key>path</key>
			<string>MASCompositeConstraintSpec.m</string>
			<key>sourceTree</key>
			<string>&lt;group&gt;</string>
		</dict>
		<key>DD717A4918442EC600FAA7A8</key>
		<dict>
			<key>fileEncoding</key>
			<string>4</string>
			<key>isa</key>
			<string>PBXFileReference</string>
			<key>lastKnownFileType</key>
			<string>sourcecode.c.h</string>
			<key>path</key>
			<string>MASConstraintDelegateMock.h</string>
			<key>sourceTree</key>
			<string>&lt;group&gt;</string>
		</dict>
		<key>DD717A4A18442EC600FAA7A8</key>
		<dict>
			<key>fileEncoding</key>
			<string>4</string>
			<key>isa</key>
			<string>PBXFileReference</string>
			<key>lastKnownFileType</key>
			<string>sourcecode.c.objc</string>
			<key>path</key>
			<string>MASConstraintDelegateMock.m</string>
			<key>sourceTree</key>
			<string>&lt;group&gt;</string>
		</dict>
		<key>DD717A4B18442EC600FAA7A8</key>
		<dict>
			<key>fileEncoding</key>
			<string>4</string>
			<key>isa</key>
			<string>PBXFileReference</string>
			<key>lastKnownFileType</key>
			<string>sourcecode.c.objc</string>
			<key>path</key>
			<string>MASConstraintMakerSpec.m</string>
			<key>sourceTree</key>
			<string>&lt;group&gt;</string>
		</dict>
		<key>DD717A4C18442EC600FAA7A8</key>
		<dict>
			<key>fileEncoding</key>
			<string>4</string>
			<key>isa</key>
			<string>PBXFileReference</string>
			<key>lastKnownFileType</key>
			<string>sourcecode.c.objc</string>
			<key>path</key>
			<string>MASViewAttributeSpec.m</string>
			<key>sourceTree</key>
			<string>&lt;group&gt;</string>
		</dict>
		<key>DD717A4D18442EC600FAA7A8</key>
		<dict>
			<key>fileEncoding</key>
			<string>4</string>
			<key>isa</key>
			<string>PBXFileReference</string>
			<key>lastKnownFileType</key>
			<string>sourcecode.c.objc</string>
			<key>path</key>
			<string>MASViewConstraintSpec.m</string>
			<key>sourceTree</key>
			<string>&lt;group&gt;</string>
		</dict>
		<key>DD717A4E18442EC600FAA7A8</key>
		<dict>
			<key>fileEncoding</key>
			<string>4</string>
			<key>isa</key>
			<string>PBXFileReference</string>
			<key>lastKnownFileType</key>
			<string>sourcecode.c.objc</string>
			<key>path</key>
			<string>NSLayoutConstraint+MASDebugAdditionsSpec.m</string>
			<key>sourceTree</key>
			<string>&lt;group&gt;</string>
		</dict>
		<key>DD717A5018442EC600FAA7A8</key>
		<dict>
			<key>fileEncoding</key>
			<string>4</string>
			<key>isa</key>
			<string>PBXFileReference</string>
			<key>lastKnownFileType</key>
			<string>sourcecode.c.objc</string>
			<key>path</key>
			<string>View+MASAdditionsSpec.m</string>
			<key>sourceTree</key>
			<string>&lt;group&gt;</string>
		</dict>
		<key>DD717A5118442EC600FAA7A8</key>
		<dict>
			<key>fileRef</key>
			<string>DD717A4818442EC600FAA7A8</string>
			<key>isa</key>
			<string>PBXBuildFile</string>
		</dict>
		<key>DD717A5218442EC600FAA7A8</key>
		<dict>
			<key>fileRef</key>
			<string>DD717A4A18442EC600FAA7A8</string>
			<key>isa</key>
			<string>PBXBuildFile</string>
		</dict>
		<key>DD717A5318442EC600FAA7A8</key>
		<dict>
			<key>fileRef</key>
			<string>DD717A4B18442EC600FAA7A8</string>
			<key>isa</key>
			<string>PBXBuildFile</string>
		</dict>
		<key>DD717A5418442EC600FAA7A8</key>
		<dict>
			<key>fileRef</key>
			<string>DD717A4C18442EC600FAA7A8</string>
			<key>isa</key>
			<string>PBXBuildFile</string>
		</dict>
		<key>DD717A5518442EC600FAA7A8</key>
		<dict>
			<key>fileRef</key>
			<string>DD717A4D18442EC600FAA7A8</string>
			<key>isa</key>
			<string>PBXBuildFile</string>
		</dict>
		<key>DD717A5618442EC600FAA7A8</key>
		<dict>
			<key>fileRef</key>
			<string>DD717A4E18442EC600FAA7A8</string>
			<key>isa</key>
			<string>PBXBuildFile</string>
		</dict>
		<key>DD717A5718442EC600FAA7A8</key>
		<dict>
			<key>fileRef</key>
			<string>DD717A5018442EC600FAA7A8</string>
			<key>isa</key>
			<string>PBXBuildFile</string>
		</dict>
		<key>DD717A5E18442F3900FAA7A8</key>
		<dict>
			<key>children</key>
			<array>
				<string>DD717A0718442A6400FAA7A8</string>
				<string>DD717A651844358800FAA7A8</string>
				<string>DD717A5F1844303200FAA7A8</string>
				<string>DD717A601844303200FAA7A8</string>
				<string>DD717A611844303200FAA7A8</string>
				<string>DD717A621844303200FAA7A8</string>
			</array>
			<key>isa</key>
			<string>PBXGroup</string>
			<key>name</key>
			<string>Supporting Files</string>
			<key>sourceTree</key>
			<string>&lt;group&gt;</string>
		</dict>
		<key>DD717A5F1844303200FAA7A8</key>
		<dict>
			<key>fileEncoding</key>
			<string>4</string>
			<key>isa</key>
			<string>PBXFileReference</string>
			<key>lastKnownFileType</key>
			<string>sourcecode.c.objc</string>
			<key>path</key>
			<string>GcovTestObserver.m</string>
			<key>sourceTree</key>
			<string>&lt;group&gt;</string>
		</dict>
		<key>DD717A601844303200FAA7A8</key>
		<dict>
			<key>fileEncoding</key>
			<string>4</string>
			<key>isa</key>
			<string>PBXFileReference</string>
			<key>lastKnownFileType</key>
			<string>text.plist.xml</string>
			<key>path</key>
			<string>MasonryTests-Info.plist</string>
			<key>sourceTree</key>
			<string>&lt;group&gt;</string>
		</dict>
		<key>DD717A611844303200FAA7A8</key>
		<dict>
			<key>fileEncoding</key>
			<string>4</string>
			<key>isa</key>
			<string>PBXFileReference</string>
			<key>lastKnownFileType</key>
			<string>sourcecode.c.h</string>
			<key>path</key>
			<string>MasonryTests-Prefix.pch</string>
			<key>sourceTree</key>
			<string>&lt;group&gt;</string>
		</dict>
		<key>DD717A621844303200FAA7A8</key>
		<dict>
			<key>fileEncoding</key>
			<string>4</string>
			<key>isa</key>
			<string>PBXFileReference</string>
			<key>lastKnownFileType</key>
			<string>sourcecode.c.h</string>
			<key>path</key>
			<string>XCTest+Spec.h</string>
			<key>sourceTree</key>
			<string>&lt;group&gt;</string>
		</dict>
		<key>DD717A631844303200FAA7A8</key>
		<dict>
			<key>fileRef</key>
			<string>DD717A5F1844303200FAA7A8</string>
			<key>isa</key>
			<string>PBXBuildFile</string>
		</dict>
		<key>DD717A651844358800FAA7A8</key>
		<dict>
			<key>fileEncoding</key>
			<string>4</string>
			<key>isa</key>
			<string>PBXFileReference</string>
			<key>lastKnownFileType</key>
			<string>sourcecode.c.h</string>
			<key>path</key>
			<string>NSObject+MASSubscriptSupport.h</string>
			<key>sourceTree</key>
			<string>&lt;group&gt;</string>
		</dict>
		<key>FA30CDC14969096518121CA2</key>
		<dict>
			<key>includeInIndex</key>
			<string>1</string>
			<key>isa</key>
			<string>PBXFileReference</string>
			<key>lastKnownFileType</key>
			<string>text.xcconfig</string>
			<key>name</key>
			<string>Pods-MasonryTestsLoader.debug.xcconfig</string>
			<key>path</key>
			<string>../Pods/Target Support Files/Pods-MasonryTestsLoader/Pods-MasonryTestsLoader.debug.xcconfig</string>
			<key>sourceTree</key>
			<string>&lt;group&gt;</string>
		</dict>
	</dict>
	<key>rootObject</key>
	<string>DD7179F418442A1F00FAA7A8</string>
</dict>
</plist>
